
Microsoft Visual Studio Solution File, Format Version 12.00
# Visual Studio Version 17
VisualStudioVersion = 17.7.34018.315
MinimumVisualStudioVersion = 10.0.40219.1
Project("{9A19103F-16F7-4668-BE54-9A1E7A4F7556}") = "Ex_14_1", "Ex_14_1.csproj", "{9CC77AC2-2514-4D8D-817F-BBE910A26787}"
EndProject
Project("{9A19103F-16F7-4668-BE54-9A1E7A4F7556}") = "Ex_14_2", "..\Ex_14_2\Ex_14_2.csproj", "{15BB3F0C-3559-4DBF-9121-0742E88F2253}"
EndProject
Project("{9A19103F-16F7-4668-BE54-9A1E7A4F7556}") = "Ex_14_3", "..\Ex_14_3\Ex_14_3.csproj", "{C775ECA4-B7EF-43FF-8C75-A2E015C52A14}"
EndProject
Project("{FAE04EC0-301F-11D3-BF4B-00C04F79EFBC}") = "Ex_14_4", "..\Ex_14_4\Ex_14_4.csproj", "{9CF2CC05-6D0F-484E-A9D9-E949DDB29568}"
EndProject
Global
	GlobalSection(SolutionConfigurationPlatforms) = preSolution
		Debug|Any CPU = Debug|Any CPU
		Release|Any CPU = Release|Any CPU
	EndGlobalSection
	GlobalSection(ProjectConfigurationPlatforms) = postSolution
		{9CC77AC2-2514-4D8D-817F-BBE910A26787}.Debug|Any CPU.ActiveCfg = Debug|Any CPU
		{9CC77AC2-2514-4D8D-817F-BBE910A26787}.Debug|Any CPU.Build.0 = Debug|Any CPU
		{9CC77AC2-2514-4D8D-817F-BBE910A26787}.Release|Any CPU.ActiveCfg = Release|Any CPU
		{9CC77AC2-2514-4D8D-817F-BBE910A26787}.Release|Any CPU.Build.0 = Release|Any CPU
		{15BB3F0C-3559-4DBF-9121-0742E88F2253}.Debug|Any CPU.ActiveCfg = Debug|Any CPU
		{15BB3F0C-3559-4DBF-9121-0742E88F2253}.Debug|Any CPU.Build.0 = Debug|Any CPU
		{15BB3F0C-3559-4DBF-9121-0742E88F2253}.Release|Any CPU.ActiveCfg = Release|Any CPU
		{15BB3F0C-3559-4DBF-9121-0742E88F2253}.Release|Any CPU.Build.0 = Release|Any CPU
		{C775ECA4-B7EF-43FF-8C75-A2E015C52A14}.Debug|Any CPU.ActiveCfg = Debug|Any CPU
		{C775ECA4-B7EF-43FF-8C75-A2E015C52A14}.Debug|Any CPU.Build.0 = Debug|Any CPU
		{C775ECA4-B7EF-43FF-8C75-A2E015C52A14}.Release|Any CPU.ActiveCfg = Release|Any CPU
		{C775ECA4-B7EF-43FF-8C75-A2E015C52A14}.Release|Any CPU.Build.0 = Release|Any CPU
		{9CF2CC05-6D0F-484E-A9D9-E949DDB29568}.Debug|Any CPU.ActiveCfg = Debug|Any CPU
		{9CF2CC05-6D0F-484E-A9D9-E949DDB29568}.Debug|Any CPU.Build.0 = Debug|Any CPU
		{9CF2CC05-6D0F-484E-A9D9-E949DDB29568}.Release|Any CPU.ActiveCfg = Release|Any CPU
		{9CF2CC05-6D0F-484E-A9D9-E949DDB29568}.Release|Any CPU.Build.0 = Release|Any CPU
	EndGlobalSection
	GlobalSection(SolutionProperties) = preSolution
		HideSolutionNode = FALSE
	EndGlobalSection
	GlobalSection(ExtensibilityGlobals) = postSolution
		SolutionGuid = {D86F4080-5F8D-4EA0-9A66-7B58B583E0A7}
	EndGlobalSection
EndGlobal
