
Microsoft Visual Studio Solution File, Format Version 12.00
# Visual Studio Version 17
VisualStudioVersion = 17.7.34018.315
MinimumVisualStudioVersion = 10.0.40219.1
Project("{9A19103F-16F7-4668-BE54-9A1E7A4F7556}") = "Ex_10_1", "Ex_10_1.csproj", "{F2F9CD14-C9DE-4762-A077-F477ABAFE121}"
EndProject
Project("{FAE04EC0-301F-11D3-BF4B-00C04F79EFBC}") = "Ex_10_2", "..\Ex_10_2\Ex_10_2.csproj", "{BEB1B739-503F-49CB-80A0-8C92A4D3309F}"
EndProject
Global
	GlobalSection(SolutionConfigurationPlatforms) = preSolution
		Debug|Any CPU = Debug|Any CPU
		Release|Any CPU = Release|Any CPU
	EndGlobalSection
	GlobalSection(ProjectConfigurationPlatforms) = postSolution
		{F2F9CD14-C9DE-4762-A077-F477ABAFE121}.Debug|Any CPU.ActiveCfg = Debug|Any CPU
		{F2F9CD14-C9DE-4762-A077-F477ABAFE121}.Debug|Any CPU.Build.0 = Debug|Any CPU
		{F2F9CD14-C9DE-4762-A077-F477ABAFE121}.Release|Any CPU.ActiveCfg = Release|Any CPU
		{F2F9CD14-C9DE-4762-A077-F477ABAFE121}.Release|Any CPU.Build.0 = Release|Any CPU
		{BEB1B739-503F-49CB-80A0-8C92A4D3309F}.Debug|Any CPU.ActiveCfg = Debug|Any CPU
		{BEB1B739-503F-49CB-80A0-8C92A4D3309F}.Debug|Any CPU.Build.0 = Debug|Any CPU
		{BEB1B739-503F-49CB-80A0-8C92A4D3309F}.Release|Any CPU.ActiveCfg = Release|Any CPU
		{BEB1B739-503F-49CB-80A0-8C92A4D3309F}.Release|Any CPU.Build.0 = Release|Any CPU
	EndGlobalSection
	GlobalSection(SolutionProperties) = preSolution
		HideSolutionNode = FALSE
	EndGlobalSection
	GlobalSection(ExtensibilityGlobals) = postSolution
		SolutionGuid = {9712AC9C-50B3-499F-A205-DA5F52E9FFA7}
	EndGlobalSection
EndGlobal
