
Microsoft Visual Studio Solution File, Format Version 12.00
# Visual Studio Version 17
VisualStudioVersion = 17.7.34018.315
MinimumVisualStudioVersion = 10.0.40219.1
Project("{9A19103F-16F7-4668-BE54-9A1E7A4F7556}") = "Srez_1", "Srez_1.csproj", "{7953B4CA-6ED3-42A3-97A3-7E6AE7A24E60}"
EndProject
Project("{FAE04EC0-301F-11D3-BF4B-00C04F79EFBC}") = "Srez_1_2", "..\Srez_1_2\Srez_1_2.csproj", "{A56972E4-10A2-4DD9-9619-601C292BE4E6}"
EndProject
Project("{FAE04EC0-301F-11D3-BF4B-00C04F79EFBC}") = "Srez_1_3", "..\Srez_1_3\Srez_1_3.csproj", "{805CA354-9426-4ED6-81B0-7390FF967B6D}"
EndProject
Project("{FAE04EC0-301F-11D3-BF4B-00C04F79EFBC}") = "Srez_1_4", "..\Srez_1_4\Srez_1_4.csproj", "{43FC952A-3B90-4494-B02F-16B508A8B5DB}"
EndProject
Project("{FAE04EC0-301F-11D3-BF4B-00C04F79EFBC}") = "Srez_2", "..\Srez_2\Srez_2.csproj", "{7A20CADC-78A0-426B-BFB7-0C770CDC73F1}"
EndProject
Project("{FAE04EC0-301F-11D3-BF4B-00C04F79EFBC}") = "Srez_2_1", "..\Srez_2_1\Srez_2_1.csproj", "{A66E3808-F2C0-46F1-B10E-B08CA1A1FA45}"
EndProject
Project("{FAE04EC0-301F-11D3-BF4B-00C04F79EFBC}") = "Srez_3", "..\Srez_3\Srez_3.csproj", "{86BECCDA-09B7-473F-AFE2-BBDC95871AB1}"
EndProject
Project("{FAE04EC0-301F-11D3-BF4B-00C04F79EFBC}") = "Srez_4", "..\Srez_4\Srez_4.csproj", "{B3CCBB97-8479-45CC-B785-8958B527E7BD}"
EndProject
Project("{FAE04EC0-301F-11D3-BF4B-00C04F79EFBC}") = "Srez_5", "..\Srez_5\Srez_5.csproj", "{A029E422-3704-4051-BD3F-AB38EB10FFBF}"
EndProject
Global
	GlobalSection(SolutionConfigurationPlatforms) = preSolution
		Debug|Any CPU = Debug|Any CPU
		Release|Any CPU = Release|Any CPU
	EndGlobalSection
	GlobalSection(ProjectConfigurationPlatforms) = postSolution
		{7953B4CA-6ED3-42A3-97A3-7E6AE7A24E60}.Debug|Any CPU.ActiveCfg = Debug|Any CPU
		{7953B4CA-6ED3-42A3-97A3-7E6AE7A24E60}.Debug|Any CPU.Build.0 = Debug|Any CPU
		{7953B4CA-6ED3-42A3-97A3-7E6AE7A24E60}.Release|Any CPU.ActiveCfg = Release|Any CPU
		{7953B4CA-6ED3-42A3-97A3-7E6AE7A24E60}.Release|Any CPU.Build.0 = Release|Any CPU
		{A56972E4-10A2-4DD9-9619-601C292BE4E6}.Debug|Any CPU.ActiveCfg = Debug|Any CPU
		{A56972E4-10A2-4DD9-9619-601C292BE4E6}.Debug|Any CPU.Build.0 = Debug|Any CPU
		{A56972E4-10A2-4DD9-9619-601C292BE4E6}.Release|Any CPU.ActiveCfg = Release|Any CPU
		{A56972E4-10A2-4DD9-9619-601C292BE4E6}.Release|Any CPU.Build.0 = Release|Any CPU
		{805CA354-9426-4ED6-81B0-7390FF967B6D}.Debug|Any CPU.ActiveCfg = Debug|Any CPU
		{805CA354-9426-4ED6-81B0-7390FF967B6D}.Debug|Any CPU.Build.0 = Debug|Any CPU
		{805CA354-9426-4ED6-81B0-7390FF967B6D}.Release|Any CPU.ActiveCfg = Release|Any CPU
		{805CA354-9426-4ED6-81B0-7390FF967B6D}.Release|Any CPU.Build.0 = Release|Any CPU
		{43FC952A-3B90-4494-B02F-16B508A8B5DB}.Debug|Any CPU.ActiveCfg = Debug|Any CPU
		{43FC952A-3B90-4494-B02F-16B508A8B5DB}.Debug|Any CPU.Build.0 = Debug|Any CPU
		{43FC952A-3B90-4494-B02F-16B508A8B5DB}.Release|Any CPU.ActiveCfg = Release|Any CPU
		{43FC952A-3B90-4494-B02F-16B508A8B5DB}.Release|Any CPU.Build.0 = Release|Any CPU
		{7A20CADC-78A0-426B-BFB7-0C770CDC73F1}.Debug|Any CPU.ActiveCfg = Debug|Any CPU
		{7A20CADC-78A0-426B-BFB7-0C770CDC73F1}.Debug|Any CPU.Build.0 = Debug|Any CPU
		{7A20CADC-78A0-426B-BFB7-0C770CDC73F1}.Release|Any CPU.ActiveCfg = Release|Any CPU
		{7A20CADC-78A0-426B-BFB7-0C770CDC73F1}.Release|Any CPU.Build.0 = Release|Any CPU
		{A66E3808-F2C0-46F1-B10E-B08CA1A1FA45}.Debug|Any CPU.ActiveCfg = Debug|Any CPU
		{A66E3808-F2C0-46F1-B10E-B08CA1A1FA45}.Debug|Any CPU.Build.0 = Debug|Any CPU
		{A66E3808-F2C0-46F1-B10E-B08CA1A1FA45}.Release|Any CPU.ActiveCfg = Release|Any CPU
		{A66E3808-F2C0-46F1-B10E-B08CA1A1FA45}.Release|Any CPU.Build.0 = Release|Any CPU
		{86BECCDA-09B7-473F-AFE2-BBDC95871AB1}.Debug|Any CPU.ActiveCfg = Debug|Any CPU
		{86BECCDA-09B7-473F-AFE2-BBDC95871AB1}.Debug|Any CPU.Build.0 = Debug|Any CPU
		{86BECCDA-09B7-473F-AFE2-BBDC95871AB1}.Release|Any CPU.ActiveCfg = Release|Any CPU
		{86BECCDA-09B7-473F-AFE2-BBDC95871AB1}.Release|Any CPU.Build.0 = Release|Any CPU
		{B3CCBB97-8479-45CC-B785-8958B527E7BD}.Debug|Any CPU.ActiveCfg = Debug|Any CPU
		{B3CCBB97-8479-45CC-B785-8958B527E7BD}.Debug|Any CPU.Build.0 = Debug|Any CPU
		{B3CCBB97-8479-45CC-B785-8958B527E7BD}.Release|Any CPU.ActiveCfg = Release|Any CPU
		{B3CCBB97-8479-45CC-B785-8958B527E7BD}.Release|Any CPU.Build.0 = Release|Any CPU
		{A029E422-3704-4051-BD3F-AB38EB10FFBF}.Debug|Any CPU.ActiveCfg = Debug|Any CPU
		{A029E422-3704-4051-BD3F-AB38EB10FFBF}.Debug|Any CPU.Build.0 = Debug|Any CPU
		{A029E422-3704-4051-BD3F-AB38EB10FFBF}.Release|Any CPU.ActiveCfg = Release|Any CPU
		{A029E422-3704-4051-BD3F-AB38EB10FFBF}.Release|Any CPU.Build.0 = Release|Any CPU
	EndGlobalSection
	GlobalSection(SolutionProperties) = preSolution
		HideSolutionNode = FALSE
	EndGlobalSection
	GlobalSection(ExtensibilityGlobals) = postSolution
		SolutionGuid = {BB2FF825-47BD-451C-AD36-908EDA41F23D}
	EndGlobalSection
EndGlobal
