
Microsoft Visual Studio Solution File, Format Version 12.00
# Visual Studio Version 17
VisualStudioVersion = 17.7.34018.315
MinimumVisualStudioVersion = 10.0.40219.1
Project("{FAE04EC0-301F-11D3-BF4B-00C04F79EFBC}") = "Ex_29_1", "Ex_29_1.csproj", "{14005D12-B882-414E-9B2F-783C43923424}"
EndProject
Project("{FAE04EC0-301F-11D3-BF4B-00C04F79EFBC}") = "Ex_29_2", "..\Ex_29_2\Ex_29_2.csproj", "{8BED7634-BE87-4227-8A5B-24715C6D3454}"
EndProject
Project("{FAE04EC0-301F-11D3-BF4B-00C04F79EFBC}") = "Ex_29_3", "..\Ex_29_3\Ex_29_3.csproj", "{7BFC742D-36E1-4C00-A05C-A62F9D05B5AE}"
EndProject
Global
	GlobalSection(SolutionConfigurationPlatforms) = preSolution
		Debug|Any CPU = Debug|Any CPU
		Release|Any CPU = Release|Any CPU
	EndGlobalSection
	GlobalSection(ProjectConfigurationPlatforms) = postSolution
		{14005D12-B882-414E-9B2F-783C43923424}.Debug|Any CPU.ActiveCfg = Debug|Any CPU
		{14005D12-B882-414E-9B2F-783C43923424}.Debug|Any CPU.Build.0 = Debug|Any CPU
		{14005D12-B882-414E-9B2F-783C43923424}.Release|Any CPU.ActiveCfg = Release|Any CPU
		{14005D12-B882-414E-9B2F-783C43923424}.Release|Any CPU.Build.0 = Release|Any CPU
		{8BED7634-BE87-4227-8A5B-24715C6D3454}.Debug|Any CPU.ActiveCfg = Debug|Any CPU
		{8BED7634-BE87-4227-8A5B-24715C6D3454}.Debug|Any CPU.Build.0 = Debug|Any CPU
		{8BED7634-BE87-4227-8A5B-24715C6D3454}.Release|Any CPU.ActiveCfg = Release|Any CPU
		{8BED7634-BE87-4227-8A5B-24715C6D3454}.Release|Any CPU.Build.0 = Release|Any CPU
		{7BFC742D-36E1-4C00-A05C-A62F9D05B5AE}.Debug|Any CPU.ActiveCfg = Debug|Any CPU
		{7BFC742D-36E1-4C00-A05C-A62F9D05B5AE}.Debug|Any CPU.Build.0 = Debug|Any CPU
		{7BFC742D-36E1-4C00-A05C-A62F9D05B5AE}.Release|Any CPU.ActiveCfg = Release|Any CPU
		{7BFC742D-36E1-4C00-A05C-A62F9D05B5AE}.Release|Any CPU.Build.0 = Release|Any CPU
	EndGlobalSection
	GlobalSection(SolutionProperties) = preSolution
		HideSolutionNode = FALSE
	EndGlobalSection
	GlobalSection(ExtensibilityGlobals) = postSolution
		SolutionGuid = {9B19CBBF-4927-4F2C-8FEE-260D42DCC139}
	EndGlobalSection
EndGlobal
